// !$*UTF8*$!
{
	archiveVersion = 1;
	classes = {
	};
	objectVersion = 56;
	objects = {

/* Begin PBXBuildFile section */
		439267F729E1ED990013E191 /* Sounds.swift in Sources */ = {isa = PBXBuildFile; fileRef = 439267F629E1ED990013E191 /* Sounds.swift */; };
		439267FB29E1F7340013E191 /* A.mp3 in Resources */ = {isa = PBXBuildFile; fileRef = 439267F929E1F7340013E191 /* A.mp3 */; };
		439267FC29E1F7340013E191 /* B.mp3 in Resources */ = {isa = PBXBuildFile; fileRef = 439267FA29E1F7340013E191 /* B.mp3 */; };
		4392680029E1F8D10013E191 /* D.mp3 in Resources */ = {isa = PBXBuildFile; fileRef = 439267FD29E1F8D00013E191 /* D.mp3 */; };
		4392680129E1F8D10013E191 /* E.mp3 in Resources */ = {isa = PBXBuildFile; fileRef = 439267FE29E1F8D10013E191 /* E.mp3 */; };
		4392680229E1F8D10013E191 /* C.mp3 in Resources */ = {isa = PBXBuildFile; fileRef = 439267FF29E1F8D10013E191 /* C.mp3 */; };
		43ADD68C29E0FDC10074638B /* Autolayout01.swift in Sources */ = {isa = PBXBuildFile; fileRef = 43ADD68B29E0FDC10074638B /* Autolayout01.swift */; };
		43C6DC022998CCD200DC1A52 /* AppDelegate.swift in Sources */ = {isa = PBXBuildFile; fileRef = 43C6DC012998CCD200DC1A52 /* AppDelegate.swift */; };
		43C6DC042998CCD200DC1A52 /* SceneDelegate.swift in Sources */ = {isa = PBXBuildFile; fileRef = 43C6DC032998CCD200DC1A52 /* SceneDelegate.swift */; };
		43C6DC062998CCD200DC1A52 /* Menu.swift in Sources */ = {isa = PBXBuildFile; fileRef = 43C6DC052998CCD200DC1A52 /* Menu.swift */; };
		43C6DC092998CCD200DC1A52 /* Main.storyboard in Resources */ = {isa = PBXBuildFile; fileRef = 43C6DC072998CCD200DC1A52 /* Main.storyboard */; };
		43C6DC0B2998CCD300DC1A52 /* Assets.xcassets in Resources */ = {isa = PBXBuildFile; fileRef = 43C6DC0A2998CCD300DC1A52 /* Assets.xcassets */; };
		43C6DC0E2998CCD300DC1A52 /* LaunchScreen.storyboard in Resources */ = {isa = PBXBuildFile; fileRef = 43C6DC0C2998CCD300DC1A52 /* LaunchScreen.storyboard */; };
/* End PBXBuildFile section */

/* Begin PBXFileReference section */
		439267F629E1ED990013E191 /* Sounds.swift */ = {isa = PBXFileReference; lastKnownFileType = sourcecode.swift; path = Sounds.swift; sourceTree = "<group>"; };
		439267F929E1F7340013E191 /* A.mp3 */ = {isa = PBXFileReference; lastKnownFileType = audio.mp3; path = A.mp3; sourceTree = "<group>"; };
		439267FA29E1F7340013E191 /* B.mp3 */ = {isa = PBXFileReference; lastKnownFileType = audio.mp3; path = B.mp3; sourceTree = "<group>"; };
		439267FD29E1F8D00013E191 /* D.mp3 */ = {isa = PBXFileReference; lastKnownFileType = audio.mp3; path = D.mp3; sourceTree = "<group>"; };
		439267FE29E1F8D10013E191 /* E.mp3 */ = {isa = PBXFileReference; lastKnownFileType = audio.mp3; path = E.mp3; sourceTree = "<group>"; };
		439267FF29E1F8D10013E191 /* C.mp3 */ = {isa = PBXFileReference; lastKnownFileType = audio.mp3; path = C.mp3; sourceTree = "<group>"; };
		43ADD68B29E0FDC10074638B /* Autolayout01.swift */ = {isa = PBXFileReference; lastKnownFileType = sourcecode.swift; path = Autolayout01.swift; sourceTree = "<group>"; };
		43C6DBFE2998CCD200DC1A52 /* Developer Manual.app */ = {isa = PBXFileReference; explicitFileType = wrapper.application; includeInIndex = 0; path = "Developer Manual.app"; sourceTree = BUILT_PRODUCTS_DIR; };
		43C6DC012998CCD200DC1A52 /* AppDelegate.swift */ = {isa = PBXFileReference; lastKnownFileType = sourcecode.swift; path = AppDelegate.swift; sourceTree = "<group>"; };
		43C6DC032998CCD200DC1A52 /* SceneDelegate.swift */ = {isa = PBXFileReference; lastKnownFileType = sourcecode.swift; path = SceneDelegate.swift; sourceTree = "<group>"; };
		43C6DC052998CCD200DC1A52 /* Menu.swift */ = {isa = PBXFileReference; lastKnownFileType = sourcecode.swift; path = Menu.swift; sourceTree = "<group>"; };
		43C6DC082998CCD200DC1A52 /* Base */ = {isa = PBXFileReference; lastKnownFileType = file.storyboard; name = Base; path = Base.lproj/Main.storyboard; sourceTree = "<group>"; };
		43C6DC0A2998CCD300DC1A52 /* Assets.xcassets */ = {isa = PBXFileReference; lastKnownFileType = folder.assetcatalog; path = Assets.xcassets; sourceTree = "<group>"; };
		43C6DC0D2998CCD300DC1A52 /* Base */ = {isa = PBXFileReference; lastKnownFileType = file.storyboard; name = Base; path = Base.lproj/LaunchScreen.storyboard; sourceTree = "<group>"; };
		43C6DC0F2998CCD300DC1A52 /* Info.plist */ = {isa = PBXFileReference; lastKnownFileType = text.plist.xml; path = Info.plist; sourceTree = "<group>"; };
/* End PBXFileReference section */

/* Begin PBXFrameworksBuildPhase section */
		43C6DBFB2998CCD200DC1A52 /* Frameworks */ = {
			isa = PBXFrameworksBuildPhase;
			buildActionMask = 2147483647;
			files = (
			);
			runOnlyForDeploymentPostprocessing = 0;
		};
/* End PBXFrameworksBuildPhase section */

/* Begin PBXGroup section */
		439267F829E1F71A0013E191 /* Sounds */ = {
			isa = PBXGroup;
			children = (
				439267F929E1F7340013E191 /* A.mp3 */,
				439267FA29E1F7340013E191 /* B.mp3 */,
				439267FF29E1F8D10013E191 /* C.mp3 */,
				439267FD29E1F8D00013E191 /* D.mp3 */,
				439267FE29E1F8D10013E191 /* E.mp3 */,
			);
			path = Sounds;
			sourceTree = "<group>";
		};
		43ADD68729E0FD400074638B /* Controller */ = {
			isa = PBXGroup;
			children = (
				43C6DC052998CCD200DC1A52 /* Menu.swift */,
				43ADD68B29E0FDC10074638B /* Autolayout01.swift */,
				439267F629E1ED990013E191 /* Sounds.swift */,
			);
			path = Controller;
			sourceTree = "<group>";
		};
		43ADD68829E0FD4C0074638B /* View */ = {
			isa = PBXGroup;
			children = (
				43C6DC072998CCD200DC1A52 /* Main.storyboard */,
			);
			path = View;
			sourceTree = "<group>";
		};
		43C6DBF52998CCD200DC1A52 = {
			isa = PBXGroup;
			children = (
				43C6DC002998CCD200DC1A52 /* Developer Manual */,
				43C6DBFF2998CCD200DC1A52 /* Products */,
			);
			sourceTree = "<group>";
		};
		43C6DBFF2998CCD200DC1A52 /* Products */ = {
			isa = PBXGroup;
			children = (
				43C6DBFE2998CCD200DC1A52 /* Developer Manual.app */,
			);
			name = Products;
			sourceTree = "<group>";
		};
		43C6DC002998CCD200DC1A52 /* Developer Manual */ = {
			isa = PBXGroup;
			children = (
				43C6DC012998CCD200DC1A52 /* AppDelegate.swift */,
				43C6DC032998CCD200DC1A52 /* SceneDelegate.swift */,
				43ADD68829E0FD4C0074638B /* View */,
				43ADD68729E0FD400074638B /* Controller */,
				43C6DC0A2998CCD300DC1A52 /* Assets.xcassets */,
				43C6DC0C2998CCD300DC1A52 /* LaunchScreen.storyboard */,
				43C6DC0F2998CCD300DC1A52 /* Info.plist */,
				439267F829E1F71A0013E191 /* Sounds */,
			);
			path = "Developer Manual";
			sourceTree = "<group>";
		};
/* End PBXGroup section */

/* Begin PBXNativeTarget section */
		43C6DBFD2998CCD200DC1A52 /* Developer Manual */ = {
			isa = PBXNativeTarget;
			buildConfigurationList = 43C6DC122998CCD300DC1A52 /* Build configuration list for PBXNativeTarget "Developer Manual" */;
			buildPhases = (
				43C6DBFA2998CCD200DC1A52 /* Sources */,
				43C6DBFB2998CCD200DC1A52 /* Frameworks */,
				43C6DBFC2998CCD200DC1A52 /* Resources */,
			);
			buildRules = (
			);
			dependencies = (
			);
			name = "Developer Manual";
			productName = "Developer Manual";
			productReference = 43C6DBFE2998CCD200DC1A52 /* Developer Manual.app */;
			productType = "com.apple.product-type.application";
		};
/* End PBXNativeTarget section */

/* Begin PBXProject section */
		43C6DBF62998CCD200DC1A52 /* Project object */ = {
			isa = PBXProject;
			attributes = {
				BuildIndependentTargetsInParallel = 1;
				LastSwiftUpdateCheck = 1420;
				LastUpgradeCheck = 1420;
				TargetAttributes = {
					43C6DBFD2998CCD200DC1A52 = {
						CreatedOnToolsVersion = 14.2;
					};
				};
			};
			buildConfigurationList = 43C6DBF92998CCD200DC1A52 /* Build configuration list for PBXProject "Developer Manual" */;
			compatibilityVersion = "Xcode 14.0";
			developmentRegion = en;
			hasScannedForEncodings = 0;
			knownRegions = (
				en,
				Base,
			);
			mainGroup = 43C6DBF52998CCD200DC1A52;
			productRefGroup = 43C6DBFF2998CCD200DC1A52 /* Products */;
			projectDirPath = "";
			projectRoot = "";
			targets = (
				43C6DBFD2998CCD200DC1A52 /* Developer Manual */,
			);
		};
/* End PBXProject section */

/* Begin PBXResourcesBuildPhase section */
		43C6DBFC2998CCD200DC1A52 /* Resources */ = {
			isa = PBXResourcesBuildPhase;
			buildActionMask = 2147483647;
			files = (
				4392680029E1F8D10013E191 /* D.mp3 in Resources */,
				4392680129E1F8D10013E191 /* E.mp3 in Resources */,
				4392680229E1F8D10013E191 /* C.mp3 in Resources */,
				43C6DC0E2998CCD300DC1A52 /* LaunchScreen.storyboard in Resources */,
				43C6DC0B2998CCD300DC1A52 /* Assets.xcassets in Resources */,
				439267FC29E1F7340013E191 /* B.mp3 in Resources */,
				43C6DC092998CCD200DC1A52 /* Main.storyboard in Resources */,
				439267FB29E1F7340013E191 /* A.mp3 in Resources */,
			);
			runOnlyForDeploymentPostprocessing = 0;
		};
/* End PBXResourcesBuildPhase section */

/* Begin PBXSourcesBuildPhase section */
		43C6DBFA2998CCD200DC1A52 /* Sources */ = {
			isa = PBXSourcesBuildPhase;
			buildActionMask = 2147483647;
			files = (
				43C6DC062998CCD200DC1A52 /* Menu.swift in Sources */,
				43ADD68C29E0FDC10074638B /* Autolayout01.swift in Sources */,
				439267F729E1ED990013E191 /* Sounds.swift in Sources */,
				43C6DC022998CCD200DC1A52 /* AppDelegate.swift in Sources */,
				43C6DC042998CCD200DC1A52 /* SceneDelegate.swift in Sources */,
			);
			runOnlyForDeploymentPostprocessing = 0;
		};
/* End PBXSourcesBuildPhase section */

/* Begin PBXVariantGroup section */
		43C6DC072998CCD200DC1A52 /* Main.storyboard */ = {
			isa = PBXVariantGroup;
			children = (
				43C6DC082998CCD200DC1A52 /* Base */,
			);
			name = Main.storyboard;
			sourceTree = "<group>";
		};
		43C6DC0C2998CCD300DC1A52 /* LaunchScreen.storyboard */ = {
			isa = PBXVariantGroup;
			children = (
				43C6DC0D2998CCD300DC1A52 /* Base */,
			);
			name = LaunchScreen.storyboard;
			sourceTree = "<group>";
		};
/* End PBXVariantGroup section */

/* Begin XCBuildConfiguration section */
		43C6DC102998CCD300DC1A52 /* Debug */ = {
			isa = XCBuildConfiguration;
			buildSettings = {
				ALWAYS_SEARCH_USER_PATHS = NO;
				CLANG_ANALYZER_NONNULL = YES;
				CLANG_ANALYZER_NUMBER_OBJECT_CONVERSION = YES_AGGRESSIVE;
				CLANG_CXX_LANGUAGE_STANDARD = "gnu++20";
				CLANG_ENABLE_MODULES = YES;
				CLANG_ENABLE_OBJC_ARC = YES;
				CLANG_ENABLE_OBJC_WEAK = YES;
				CLANG_WARN_BLOCK_CAPTURE_AUTORELEASING = YES;
				CLANG_WARN_BOOL_CONVERSION = YES;
				CLANG_WARN_COMMA = YES;
				CLANG_WARN_CONSTANT_CONVERSION = YES;
				CLANG_WARN_DEPRECATED_OBJC_IMPLEMENTATIONS = YES;
				CLANG_WARN_DIRECT_OBJC_ISA_USAGE = YES_ERROR;
				CLANG_WARN_DOCUMENTATION_COMMENTS = YES;
				CLANG_WARN_EMPTY_BODY = YES;
				CLANG_WARN_ENUM_CONVERSION = YES;
				CLANG_WARN_INFINITE_RECURSION = YES;
				CLANG_WARN_INT_CONVERSION = YES;
				CLANG_WARN_NON_LITERAL_NULL_CONVERSION = YES;
				CLANG_WARN_OBJC_IMPLICIT_RETAIN_SELF = YES;
				CLANG_WARN_OBJC_LITERAL_CONVERSION = YES;
				CLANG_WARN_OBJC_ROOT_CLASS = YES_ERROR;
				CLANG_WARN_QUOTED_INCLUDE_IN_FRAMEWORK_HEADER = YES;
				CLANG_WARN_RANGE_LOOP_ANALYSIS = YES;
				CLANG_WARN_STRICT_PROTOTYPES = YES;
				CLANG_WARN_SUSPICIOUS_MOVE = YES;
				CLANG_WARN_UNGUARDED_AVAILABILITY = YES_AGGRESSIVE;
				CLANG_WARN_UNREACHABLE_CODE = YES;
				CLANG_WARN__DUPLICATE_METHOD_MATCH = YES;
				COPY_PHASE_STRIP = NO;
				DEBUG_INFORMATION_FORMAT = dwarf;
				ENABLE_STRICT_OBJC_MSGSEND = YES;
				ENABLE_TESTABILITY = YES;
				GCC_C_LANGUAGE_STANDARD = gnu11;
				GCC_DYNAMIC_NO_PIC = NO;
				GCC_NO_COMMON_BLOCKS = YES;
				GCC_OPTIMIZATION_LEVEL = 0;
				GCC_PREPROCESSOR_DEFINITIONS = (
					"DEBUG=1",
					"$(inherited)",
				);
				GCC_WARN_64_TO_32_BIT_CONVERSION = YES;
				GCC_WARN_ABOUT_RETURN_TYPE = YES_ERROR;
				GCC_WARN_UNDECLARED_SELECTOR = YES;
				GCC_WARN_UNINITIALIZED_AUTOS = YES_AGGRESSIVE;
				GCC_WARN_UNUSED_FUNCTION = YES;
				GCC_WARN_UNUSED_VARIABLE = YES;
				IPHONEOS_DEPLOYMENT_TARGET = 16.2;
				MTL_ENABLE_DEBUG_INFO = INCLUDE_SOURCE;
				MTL_FAST_MATH = YES;
				ONLY_ACTIVE_ARCH = YES;
				SDKROOT = iphoneos;
				SWIFT_ACTIVE_COMPILATION_CONDITIONS = DEBUG;
				SWIFT_OPTIMIZATION_LEVEL = "-Onone";
			};
			name = Debug;
		};
		43C6DC112998CCD300DC1A52 /* Release */ = {
			isa = XCBuildConfiguration;
			buildSettings = {
				ALWAYS_SEARCH_USER_PATHS = NO;
				CLANG_ANALYZER_NONNULL = YES;
				CLANG_ANALYZER_NUMBER_OBJECT_CONVERSION = YES_AGGRESSIVE;
				CLANG_CXX_LANGUAGE_STANDARD = "gnu++20";
				CLANG_ENABLE_MODULES = YES;
				CLANG_ENABLE_OBJC_ARC = YES;
				CLANG_ENABLE_OBJC_WEAK = YES;
				CLANG_WARN_BLOCK_CAPTURE_AUTORELEASING = YES;
				CLANG_WARN_BOOL_CONVERSION = YES;
				CLANG_WARN_COMMA = YES;
				CLANG_WARN_CONSTANT_CONVERSION = YES;
				CLANG_WARN_DEPRECATED_OBJC_IMPLEMENTATIONS = YES;
				CLANG_WARN_DIRECT_OBJC_ISA_USAGE = YES_ERROR;
				CLANG_WARN_DOCUMENTATION_COMMENTS = YES;
				CLANG_WARN_EMPTY_BODY = YES;
				CLANG_WARN_ENUM_CONVERSION = YES;
				CLANG_WARN_INFINITE_RECURSION = YES;
				CLANG_WARN_INT_CONVERSION = YES;
				CLANG_WARN_NON_LITERAL_NULL_CONVERSION = YES;
				CLANG_WARN_OBJC_IMPLICIT_RETAIN_SELF = YES;
				CLANG_WARN_OBJC_LITERAL_CONVERSION = YES;
				CLANG_WARN_OBJC_ROOT_CLASS = YES_ERROR;
				CLANG_WARN_QUOTED_INCLUDE_IN_FRAMEWORK_HEADER = YES;
				CLANG_WARN_RANGE_LOOP_ANALYSIS = YES;
				CLANG_WARN_STRICT_PROTOTYPES = YES;
				CLANG_WARN_SUSPICIOUS_MOVE = YES;
				CLANG_WARN_UNGUARDED_AVAILABILITY = YES_AGGRESSIVE;
				CLANG_WARN_UNREACHABLE_CODE = YES;
				CLANG_WARN__DUPLICATE_METHOD_MATCH = YES;
				COPY_PHASE_STRIP = NO;
				DEBUG_INFORMATION_FORMAT = "dwarf-with-dsym";
				ENABLE_NS_ASSERTIONS = NO;
				ENABLE_STRICT_OBJC_MSGSEND = YES;
				GCC_C_LANGUAGE_STANDARD = gnu11;
				GCC_NO_COMMON_BLOCKS = YES;
				GCC_WARN_64_TO_32_BIT_CONVERSION = YES;
				GCC_WARN_ABOUT_RETURN_TYPE = YES_ERROR;
				GCC_WARN_UNDECLARED_SELECTOR = YES;
				GCC_WARN_UNINITIALIZED_AUTOS = YES_AGGRESSIVE;
				GCC_WARN_UNUSED_FUNCTION = YES;
				GCC_WARN_UNUSED_VARIABLE = YES;
				IPHONEOS_DEPLOYMENT_TARGET = 16.2;
				MTL_ENABLE_DEBUG_INFO = NO;
				MTL_FAST_MATH = YES;
				SDKROOT = iphoneos;
				SWIFT_COMPILATION_MODE = wholemodule;
				SWIFT_OPTIMIZATION_LEVEL = "-O";
				VALIDATE_PRODUCT = YES;
			};
			name = Release;
		};
		43C6DC132998CCD300DC1A52 /* Debug */ = {
			isa = XCBuildConfiguration;
			buildSettings = {
				ASSETCATALOG_COMPILER_APPICON_NAME = AppIcon;
				ASSETCATALOG_COMPILER_GLOBAL_ACCENT_COLOR_NAME = AccentColor;
				CODE_SIGN_STYLE = Automatic;
				CURRENT_PROJECT_VERSION = 1;
				DEVELOPMENT_TEAM = WTLRY9GBMJ;
				GENERATE_INFOPLIST_FILE = YES;
				INFOPLIST_FILE = "Developer Manual/Info.plist";
				INFOPLIST_KEY_UIApplicationSupportsIndirectInputEvents = YES;
				INFOPLIST_KEY_UILaunchStoryboardName = LaunchScreen;
				INFOPLIST_KEY_UIMainStoryboardFile = Main;
				INFOPLIST_KEY_UISupportedInterfaceOrientations = "UIInterfaceOrientationLandscapeLeft UIInterfaceOrientationLandscapeRight UIInterfaceOrientationPortrait";
				IPHONEOS_DEPLOYMENT_TARGET = 15.0;
				LD_RUNPATH_SEARCH_PATHS = (
					"$(inherited)",
					"@executable_path/Frameworks",
				);
				MARKETING_VERSION = 1.0;
				PRODUCT_BUNDLE_IDENTIFIER = "mtorres.Developer-Manual";
				PRODUCT_NAME = "$(TARGET_NAME)";
				SWIFT_EMIT_LOC_STRINGS = YES;
				SWIFT_VERSION = 5.0;
				TARGETED_DEVICE_FAMILY = "1,2";
			};
			name = Debug;
		};
		43C6DC142998CCD300DC1A52 /* Release */ = {
			isa = XCBuildConfiguration;
			buildSettings = {
				ASSETCATALOG_COMPILER_APPICON_NAME = AppIcon;
				ASSETCATALOG_COMPILER_GLOBAL_ACCENT_COLOR_NAME = AccentColor;
				CODE_SIGN_STYLE = Automatic;
				CURRENT_PROJECT_VERSION = 1;
				DEVELOPMENT_TEAM = WTLRY9GBMJ;
				GENERATE_INFOPLIST_FILE = YES;
				INFOPLIST_FILE = "Developer Manual/Info.plist";
				INFOPLIST_KEY_UIApplicationSupportsIndirectInputEvents = YES;
				INFOPLIST_KEY_UILaunchStoryboardName = LaunchScreen;
				INFOPLIST_KEY_UIMainStoryboardFile = Main;
				INFOPLIST_KEY_UISupportedInterfaceOrientations = "UIInterfaceOrientationLandscapeLeft UIInterfaceOrientationLandscapeRight UIInterfaceOrientationPortrait";
				IPHONEOS_DEPLOYMENT_TARGET = 15.0;
				LD_RUNPATH_SEARCH_PATHS = (
					"$(inherited)",
					"@executable_path/Frameworks",
				);
				MARKETING_VERSION = 1.0;
				PRODUCT_BUNDLE_IDENTIFIER = "mtorres.Developer-Manual";
				PRODUCT_NAME = "$(TARGET_NAME)";
				SWIFT_EMIT_LOC_STRINGS = YES;
				SWIFT_VERSION = 5.0;
				TARGETED_DEVICE_FAMILY = "1,2";
			};
			name = Release;
		};
/* End XCBuildConfiguration section */

/* Begin XCConfigurationList section */
		43C6DBF92998CCD200DC1A52 /* Build configuration list for PBXProject "Developer Manual" */ = {
			isa = XCConfigurationList;
			buildConfigurations = (
				43C6DC102998CCD300DC1A52 /* Debug */,
				43C6DC112998CCD300DC1A52 /* Release */,
			);
			defaultConfigurationIsVisible = 0;
			defaultConfigurationName = Release;
		};
		43C6DC122998CCD300DC1A52 /* Build configuration list for PBXNativeTarget "Developer Manual" */ = {
			isa = XCConfigurationList;
			buildConfigurations = (
				43C6DC132998CCD300DC1A52 /* Debug */,
				43C6DC142998CCD300DC1A52 /* Release */,
			);
			defaultConfigurationIsVisible = 0;
			defaultConfigurationName = Release;
		};
/* End XCConfigurationList section */
	};
	rootObject = 43C6DBF62998CCD200DC1A52 /* Project object */;
}
